{
	"name": "libresign-wordpress-theme",
	"lockfileVersion": 3,
	"requires": true,
	"packages": {
		"": {
			"name": "libresign-wordpress-theme",
			"license": "GPL-2.0-or-later",
			"dependencies": {
				"bootstrap": "5.3.0",
				"lineicons": "1.0.3"
			},
			"devDependencies": {
				"@playwright/test": "^1.63.0"
			}
		},
		"node_modules/@playwright/test": {
			"version": "1.63.0",
			"resolved": "https://registry.npmjs.org/@playwright/test/-/test-1.63.0.tgz",
			"integrity": "sha512-oxMK4vllB9RK5NQ2l1pq1IfOf2AvnEuj/vYGDj0H2nMtmtZpKtCwt/l00GEO6xjGfpBNAvjovvYdCm50dRQkpQ==",
			"dev": true,
			"license": "Apache-2.0",
			"dependencies": {
				"playwright": "1.63.0"
			},
			"bin": {
				"playwright": "cli.js"
			},
			"engines": {
				"node": ">=20"
			}
		},
		"node_modules/@popperjs/core": {
			"version": "2.11.8",
			"resolved": "https://registry.npmjs.org/@popperjs/core/-/core-2.11.8.tgz",
			"integrity": "sha512-P1st0aksCrn9sGZhp8GMYwBnQsbvAWsZAX44oXNNvLHGqAOcoVxmjZiohstwQ7SqKnbR47akdNi+uleWD8+g6A==",
			"license": "MIT",
			"peer": true,
			"funding": {
				"type": "opencollective",
				"url": "https://opencollective.com/popperjs"
			}
		},
		"node_modules/bootstrap": {
			"version": "5.3.0",
			"resolved": "https://registry.npmjs.org/bootstrap/-/bootstrap-5.3.0.tgz",
			"integrity": "sha512-UnBV3E3v4STVNQdms6jSGO2CvOkjUMdDAVR2V5N4uCMdaIkaQjbcEAMqRimDHIs4uqBYzDAKCQwCB+97tJgHQw==",
			"funding": [
				{
					"type": "github",
					"url": "https://github.com/sponsors/twbs"
				},
				{
					"type": "opencollective",
					"url": "https://opencollective.com/bootstrap"
				}
			],
			"license": "MIT",
			"peerDependencies": {
				"@popperjs/core": "^2.11.7"
			}
		},
		"node_modules/lineicons": {
			"version": "1.0.3",
			"resolved": "https://registry.npmjs.org/lineicons/-/lineicons-1.0.3.tgz",
			"integrity": "sha512-UN62u6Rxu9tG3ShwzciZSmD5BgVhpHWy7i5B7BidqFWr/nY7mTr0W+FQwA0KtC9vzjQWry8Vwxp7K1xvaXwnSQ==",
			"license": "MIT"
		},
		"node_modules/playwright": {
			"version": "1.63.0",
			"resolved": "https://registry.npmjs.org/playwright/-/playwright-1.63.0.tgz",
			"integrity": "sha512-+7ziBLidS4NaNCdt57SUDT+wYmmd5fmiQejUic/kb+YsYSCPyOOE9sebzMjNmQrsnNpDJqd4WHvV/8lfKfUDUg==",
			"dev": true,
			"license": "Apache-2.0",
			"dependencies": {
				"playwright-core": "1.63.0"
			},
			"bin": {
				"playwright": "cli.js"
			},
			"engines": {
				"node": ">=20"
			}
		},
		"node_modules/playwright-core": {
			"version": "1.63.0",
			"resolved": "https://registry.npmjs.org/playwright-core/-/playwright-core-1.63.0.tgz",
			"integrity": "sha512-rYCsBF/M5HjUch52bbtVONEFjv6Xu8sm8h72dNlR5bzIE1fvC/bxgspzkjSfU+MweEMmPM8KJebG6nnyxo5mCg==",
			"dev": true,
			"license": "Apache-2.0",
			"bin": {
				"playwright-core": "cli.js"
			},
			"engines": {
				"node": ">=20"
			}
		}
	}
}
